// !$*UTF8*$!
{
	archiveVersion = 1;
	classes = {
	};
	objectVersion = 50;
	objects = {

/* Begin PBXBuildFile section */
		107FFCAC2448BCA6004BED8B /* AppDelegate.swift in Sources */ = {isa = PBXBuildFile; fileRef = 107FFCAB2448BCA6004BED8B /* AppDelegate.swift */; };
		107FFCAE2448BCA6004BED8B /* SceneDelegate.swift in Sources */ = {isa = PBXBuildFile; fileRef = 107FFCAD2448BCA6004BED8B /* SceneDelegate.swift */; };
		107FFCB02448BCA6004BED8B /* ViewController.swift in Sources */ = {isa = PBXBuildFile; fileRef = 107FFCAF2448BCA6004BED8B /* ViewController.swift */; };
		107FFCB52448BCA8004BED8B /* Assets.xcassets in Resources */ = {isa = PBXBuildFile; fileRef = 107FFCB42448BCA8004BED8B /* Assets.xcassets */; };
		107FFCB82448BCA8004BED8B /* LaunchScreen.storyboard in Resources */ = {isa = PBXBuildFile; fileRef = 107FFCB62448BCA8004BED8B /* LaunchScreen.storyboard */; };
		107FFCC32448BCA8004BED8B /* ExerciseTests.swift in Sources */ = {isa = PBXBuildFile; fileRef = 107FFCC22448BCA8004BED8B /* ExerciseTests.swift */; };
/* End PBXBuildFile section */

/* Begin PBXContainerItemProxy section */
		107FFCBF2448BCA8004BED8B /* PBXContainerItemProxy */ = {
			isa = PBXContainerItemProxy;
			containerPortal = 107FFCA02448BCA6004BED8B /* Project object */;
			proxyType = 1;
			remoteGlobalIDString = 107FFCA72448BCA6004BED8B;
			remoteInfo = Exercise;
		};
/* End PBXContainerItemProxy section */

/* Begin PBXFileReference section */
		107FFCA82448BCA6004BED8B /* Exercise.app */ = {isa = PBXFileReference; explicitFileType = wrapper.application; includeInIndex = 0; path = Exercise.app; sourceTree = BUILT_PRODUCTS_DIR; };
		107FFCAB2448BCA6004BED8B /* AppDelegate.swift */ = {isa = PBXFileReference; lastKnownFileType = sourcecode.swift; path = AppDelegate.swift; sourceTree = "<group>"; };
		107FFCAD2448BCA6004BED8B /* SceneDelegate.swift */ = {isa = PBXFileReference; lastKnownFileType = sourcecode.swift; path = SceneDelegate.swift; sourceTree = "<group>"; };
		107FFCAF2448BCA6004BED8B /* ViewController.swift */ = {isa = PBXFileReference; lastKnownFileType = sourcecode.swift; path = ViewController.swift; sourceTree = "<group>"; };
		107FFCB42448BCA8004BED8B /* Assets.xcassets */ = {isa = PBXFileReference; lastKnownFileType = folder.assetcatalog; path = Assets.xcassets; sourceTree = "<group>"; };
		107FFCB72448BCA8004BED8B /* Base */ = {isa = PBXFileReference; lastKnownFileType = file.storyboard; name = Base; path = Base.lproj/LaunchScreen.storyboard; sourceTree = "<group>"; };
		107FFCB92448BCA8004BED8B /* Info.plist */ = {isa = PBXFileReference; lastKnownFileType = text.plist.xml; path = Info.plist; sourceTree = "<group>"; };
		107FFCBE2448BCA8004BED8B /* ExerciseTests.xctest */ = {isa = PBXFileReference; explicitFileType = wrapper.cfbundle; includeInIndex = 0; path = ExerciseTests.xctest; sourceTree = BUILT_PRODUCTS_DIR; };
		107FFCC22448BCA8004BED8B /* ExerciseTests.swift */ = {isa = PBXFileReference; lastKnownFileType = sourcecode.swift; path = ExerciseTests.swift; sourceTree = "<group>"; };
		107FFCC42448BCA8004BED8B /* Info.plist */ = {isa = PBXFileReference; lastKnownFileType = text.plist.xml; path = Info.plist; sourceTree = "<group>"; };
/* End PBXFileReference section */

/* Begin PBXFrameworksBuildPhase section */
		107FFCA52448BCA6004BED8B /* Frameworks */ = {
			isa = PBXFrameworksBuildPhase;
			buildActionMask = 2147483647;
			files = (
			);
			runOnlyForDeploymentPostprocessing = 0;
		};
		107FFCBB2448BCA8004BED8B /* Frameworks */ = {
			isa = PBXFrameworksBuildPhase;
			buildActionMask = 2147483647;
			files = (
			);
			runOnlyForDeploymentPostprocessing = 0;
		};
/* End PBXFrameworksBuildPhase section */

/* Begin PBXGroup section */
		107FFC9F2448BCA6004BED8B = {
			isa = PBXGroup;
			children = (
				107FFCAA2448BCA6004BED8B /* Exercise */,
				107FFCC12448BCA8004BED8B /* ExerciseTests */,
				107FFCA92448BCA6004BED8B /* Products */,
			);
			sourceTree = "<group>";
		};
		107FFCA92448BCA6004BED8B /* Products */ = {
			isa = PBXGroup;
			children = (
				107FFCA82448BCA6004BED8B /* Exercise.app */,
				107FFCBE2448BCA8004BED8B /* ExerciseTests.xctest */,
			);
			name = Products;
			sourceTree = "<group>";
		};
		107FFCAA2448BCA6004BED8B /* Exercise */ = {
			isa = PBXGroup;
			children = (
				107FFCAB2448BCA6004BED8B /* AppDelegate.swift */,
				107FFCAD2448BCA6004BED8B /* SceneDelegate.swift */,
				107FFCAF2448BCA6004BED8B /* ViewController.swift */,
				107FFCB42448BCA8004BED8B /* Assets.xcassets */,
				107FFCB62448BCA8004BED8B /* LaunchScreen.storyboard */,
				107FFCB92448BCA8004BED8B /* Info.plist */,
			);
			path = Exercise;
			sourceTree = "<group>";
		};
		107FFCC12448BCA8004BED8B /* ExerciseTests */ = {
			isa = PBXGroup;
			children = (
				107FFCC22448BCA8004BED8B /* ExerciseTests.swift */,
				107FFCC42448BCA8004BED8B /* Info.plist */,
			);
			path = ExerciseTests;
			sourceTree = "<group>";
		};
/* End PBXGroup section */

/* Begin PBXNativeTarget section */
		107FFCA72448BCA6004BED8B /* Exercise */ = {
			isa = PBXNativeTarget;
			buildConfigurationList = 107FFCC72448BCA8004BED8B /* Build configuration list for PBXNativeTarget "Exercise" */;
			buildPhases = (
				107FFCA42448BCA6004BED8B /* Sources */,
				107FFCA52448BCA6004BED8B /* Frameworks */,
				107FFCA62448BCA6004BED8B /* Resources */,
			);
			buildRules = (
			);
			dependencies = (
			);
			name = Exercise;
			productName = Exercise;
			productReference = 107FFCA82448BCA6004BED8B /* Exercise.app */;
			productType = "com.apple.product-type.application";
		};
		107FFCBD2448BCA8004BED8B /* ExerciseTests */ = {
			isa = PBXNativeTarget;
			buildConfigurationList = 107FFCCA2448BCA8004BED8B /* Build configuration list for PBXNativeTarget "ExerciseTests" */;
			buildPhases = (
				107FFCBA2448BCA8004BED8B /* Sources */,
				107FFCBB2448BCA8004BED8B /* Frameworks */,
				107FFCBC2448BCA8004BED8B /* Resources */,
			);
			buildRules = (
			);
			dependencies = (
				107FFCC02448BCA8004BED8B /* PBXTargetDependency */,
			);
			name = ExerciseTests;
			productName = ExerciseTests;
			productReference = 107FFCBE2448BCA8004BED8B /* ExerciseTests.xctest */;
			productType = "com.apple.product-type.bundle.unit-test";
		};
/* End PBXNativeTarget section */

/* Begin PBXProject section */
		107FFCA02448BCA6004BED8B /* Project object */ = {
			isa = PBXProject;
			attributes = {
				LastSwiftUpdateCheck = 1110;
				LastUpgradeCheck = 1110;
				ORGANIZATIONNAME = Trushangpatel;
				TargetAttributes = {
					107FFCA72448BCA6004BED8B = {
						CreatedOnToolsVersion = 11.1;
					};
					107FFCBD2448BCA8004BED8B = {
						CreatedOnToolsVersion = 11.1;
						TestTargetID = 107FFCA72448BCA6004BED8B;
					};
				};
			};
			buildConfigurationList = 107FFCA32448BCA6004BED8B /* Build configuration list for PBXProject "Exercise" */;
			compatibilityVersion = "Xcode 9.3";
			developmentRegion = en;
			hasScannedForEncodings = 0;
			knownRegions = (
				en,
				Base,
			);
			mainGroup = 107FFC9F2448BCA6004BED8B;
			productRefGroup = 107FFCA92448BCA6004BED8B /* Products */;
			projectDirPath = "";
			projectRoot = "";
			targets = (
				107FFCA72448BCA6004BED8B /* Exercise */,
				107FFCBD2448BCA8004BED8B /* ExerciseTests */,
			);
		};
/* End PBXProject section */

/* Begin PBXResourcesBuildPhase section */
		107FFCA62448BCA6004BED8B /* Resources */ = {
			isa = PBXResourcesBuildPhase;
			buildActionMask = 2147483647;
			files = (
				107FFCB82448BCA8004BED8B /* LaunchScreen.storyboard in Resources */,
				107FFCB52448BCA8004BED8B /* Assets.xcassets in Resources */,
			);
			runOnlyForDeploymentPostprocessing = 0;
		};
		107FFCBC2448BCA8004BED8B /* Resources */ = {
			isa = PBXResourcesBuildPhase;
			buildActionMask = 2147483647;
			files = (
			);
			runOnlyForDeploymentPostprocessing = 0;
		};
/* End PBXResourcesBuildPhase section */

/* Begin PBXSourcesBuildPhase section */
		107FFCA42448BCA6004BED8B /* Sources */ = {
			isa = PBXSourcesBuildPhase;
			buildActionMask = 2147483647;
			files = (
				107FFCB02448BCA6004BED8B /* ViewController.swift in Sources */,
				107FFCAC2448BCA6004BED8B /* AppDelegate.swift in Sources */,
				107FFCAE2448BCA6004BED8B /* SceneDelegate.swift in Sources */,
			);
			runOnlyForDeploymentPostprocessing = 0;
		};
		107FFCBA2448BCA8004BED8B /* Sources */ = {
			isa = PBXSourcesBuildPhase;
			buildActionMask = 2147483647;
			files = (
				107FFCC32448BCA8004BED8B /* ExerciseTests.swift in Sources */,
			);
			runOnlyForDeploymentPostprocessing = 0;
		};
/* End PBXSourcesBuildPhase section */

/* Begin PBXTargetDependency section */
		107FFCC02448BCA8004BED8B /* PBXTargetDependency */ = {
			isa = PBXTargetDependency;
			target = 107FFCA72448BCA6004BED8B /* Exercise */;
			targetProxy = 107FFCBF2448BCA8004BED8B /* PBXContainerItemProxy */;
		};
/* End PBXTargetDependency section */

/* Begin PBXVariantGroup section */
		107FFCB62448BCA8004BED8B /* LaunchScreen.storyboard */ = {
			isa = PBXVariantGroup;
			children = (
				107FFCB72448BCA8004BED8B /* Base */,
			);
			name = LaunchScreen.storyboard;
			sourceTree = "<group>";
		};
/* End PBXVariantGroup section */

/* Begin XCBuildConfiguration section */
		107FFCC52448BCA8004BED8B /* Debug */ = {
			isa = XCBuildConfiguration;
			buildSettings = {
				ALWAYS_SEARCH_USER_PATHS = NO;
				CLANG_ANALYZER_NONNULL = YES;
				CLANG_ANALYZER_NUMBER_OBJECT_CONVERSION = YES_AGGRESSIVE;
				CLANG_CXX_LANGUAGE_STANDARD = "gnu++14";
				CLANG_CXX_LIBRARY = "libc++";
				CLANG_ENABLE_MODULES = YES;
				CLANG_ENABLE_OBJC_ARC = YES;
				CLANG_ENABLE_OBJC_WEAK = YES;
				CLANG_WARN_BLOCK_CAPTURE_AUTORELEASING = YES;
				CLANG_WARN_BOOL_CONVERSION = YES;
				CLANG_WARN_COMMA = YES;
				CLANG_WARN_CONSTANT_CONVERSION = YES;
				CLANG_WARN_DEPRECATED_OBJC_IMPLEMENTATIONS = YES;
				CLANG_WARN_DIRECT_OBJC_ISA_USAGE = YES_ERROR;
				CLANG_WARN_DOCUMENTATION_COMMENTS = YES;
				CLANG_WARN_EMPTY_BODY = YES;
				CLANG_WARN_ENUM_CONVERSION = YES;
				CLANG_WARN_INFINITE_RECURSION = YES;
				CLANG_WARN_INT_CONVERSION = YES;
				CLANG_WARN_NON_LITERAL_NULL_CONVERSION = YES;
				CLANG_WARN_OBJC_IMPLICIT_RETAIN_SELF = YES;
				CLANG_WARN_OBJC_LITERAL_CONVERSION = YES;
				CLANG_WARN_OBJC_ROOT_CLASS = YES_ERROR;
				CLANG_WARN_RANGE_LOOP_ANALYSIS = YES;
				CLANG_WARN_STRICT_PROTOTYPES = YES;
				CLANG_WARN_SUSPICIOUS_MOVE = YES;
				CLANG_WARN_UNGUARDED_AVAILABILITY = YES_AGGRESSIVE;
				CLANG_WARN_UNREACHABLE_CODE = YES;
				CLANG_WARN__DUPLICATE_METHOD_MATCH = YES;
				COPY_PHASE_STRIP = NO;
				DEBUG_INFORMATION_FORMAT = dwarf;
				ENABLE_STRICT_OBJC_MSGSEND = YES;
				ENABLE_TESTABILITY = YES;
				GCC_C_LANGUAGE_STANDARD = gnu11;
				GCC_DYNAMIC_NO_PIC = NO;
				GCC_NO_COMMON_BLOCKS = YES;
				GCC_OPTIMIZATION_LEVEL = 0;
				GCC_PREPROCESSOR_DEFINITIONS = (
					"DEBUG=1",
					"$(inherited)",
				);
				GCC_WARN_64_TO_32_BIT_CONVERSION = YES;
				GCC_WARN_ABOUT_RETURN_TYPE = YES_ERROR;
				GCC_WARN_UNDECLARED_SELECTOR = YES;
				GCC_WARN_UNINITIALIZED_AUTOS = YES_AGGRESSIVE;
				GCC_WARN_UNUSED_FUNCTION = YES;
				GCC_WARN_UNUSED_VARIABLE = YES;
				IPHONEOS_DEPLOYMENT_TARGET = 13.1;
				MTL_ENABLE_DEBUG_INFO = INCLUDE_SOURCE;
				MTL_FAST_MATH = YES;
				ONLY_ACTIVE_ARCH = YES;
				SDKROOT = iphoneos;
				SWIFT_ACTIVE_COMPILATION_CONDITIONS = DEBUG;
				SWIFT_OPTIMIZATION_LEVEL = "-Onone";
			};
			name = Debug;
		};
		107FFCC62448BCA8004BED8B /* Release */ = {
			isa = XCBuildConfiguration;
			buildSettings = {
				ALWAYS_SEARCH_USER_PATHS = NO;
				CLANG_ANALYZER_NONNULL = YES;
				CLANG_ANALYZER_NUMBER_OBJECT_CONVERSION = YES_AGGRESSIVE;
				CLANG_CXX_LANGUAGE_STANDARD = "gnu++14";
				CLANG_CXX_LIBRARY = "libc++";
				CLANG_ENABLE_MODULES = YES;
				CLANG_ENABLE_OBJC_ARC = YES;
				CLANG_ENABLE_OBJC_WEAK = YES;
				CLANG_WARN_BLOCK_CAPTURE_AUTORELEASING = YES;
				CLANG_WARN_BOOL_CONVERSION = YES;
				CLANG_WARN_COMMA = YES;
				CLANG_WARN_CONSTANT_CONVERSION = YES;
				CLANG_WARN_DEPRECATED_OBJC_IMPLEMENTATIONS = YES;
				CLANG_WARN_DIRECT_OBJC_ISA_USAGE = YES_ERROR;
				CLANG_WARN_DOCUMENTATION_COMMENTS = YES;
				CLANG_WARN_EMPTY_BODY = YES;
				CLANG_WARN_ENUM_CONVERSION = YES;
				CLANG_WARN_INFINITE_RECURSION = YES;
				CLANG_WARN_INT_CONVERSION = YES;
				CLANG_WARN_NON_LITERAL_NULL_CONVERSION = YES;
				CLANG_WARN_OBJC_IMPLICIT_RETAIN_SELF = YES;
				CLANG_WARN_OBJC_LITERAL_CONVERSION = YES;
				CLANG_WARN_OBJC_ROOT_CLASS = YES_ERROR;
				CLANG_WARN_RANGE_LOOP_ANALYSIS = YES;
				CLANG_WARN_STRICT_PROTOTYPES = YES;
				CLANG_WARN_SUSPICIOUS_MOVE = YES;
				CLANG_WARN_UNGUARDED_AVAILABILITY = YES_AGGRESSIVE;
				CLANG_WARN_UNREACHABLE_CODE = YES;
				CLANG_WARN__DUPLICATE_METHOD_MATCH = YES;
				COPY_PHASE_STRIP = NO;
				DEBUG_INFORMATION_FORMAT = "dwarf-with-dsym";
				ENABLE_NS_ASSERTIONS = NO;
				ENABLE_STRICT_OBJC_MSGSEND = YES;
				GCC_C_LANGUAGE_STANDARD = gnu11;
				GCC_NO_COMMON_BLOCKS = YES;
				GCC_WARN_64_TO_32_BIT_CONVERSION = YES;
				GCC_WARN_ABOUT_RETURN_TYPE = YES_ERROR;
				GCC_WARN_UNDECLARED_SELECTOR = YES;
				GCC_WARN_UNINITIALIZED_AUTOS = YES_AGGRESSIVE;
				GCC_WARN_UNUSED_FUNCTION = YES;
				GCC_WARN_UNUSED_VARIABLE = YES;
				IPHONEOS_DEPLOYMENT_TARGET = 13.1;
				MTL_ENABLE_DEBUG_INFO = NO;
				MTL_FAST_MATH = YES;
				SDKROOT = iphoneos;
				SWIFT_COMPILATION_MODE = wholemodule;
				SWIFT_OPTIMIZATION_LEVEL = "-O";
				VALIDATE_PRODUCT = YES;
			};
			name = Release;
		};
		107FFCC82448BCA8004BED8B /* Debug */ = {
			isa = XCBuildConfiguration;
			buildSettings = {
				ASSETCATALOG_COMPILER_APPICON_NAME = AppIcon;
				CODE_SIGN_STYLE = Automatic;
				DEVELOPMENT_TEAM = MED4RJWJL4;
				INFOPLIST_FILE = Exercise/Info.plist;
				LD_RUNPATH_SEARCH_PATHS = (
					"$(inherited)",
					"@executable_path/Frameworks",
				);
				PRODUCT_BUNDLE_IDENTIFIER = com.wecall.com;
				PRODUCT_NAME = "$(TARGET_NAME)";
				SWIFT_VERSION = 5.0;
				TARGETED_DEVICE_FAMILY = "1,2";
			};
			name = Debug;
		};
		107FFCC92448BCA8004BED8B /* Release */ = {
			isa = XCBuildConfiguration;
			buildSettings = {
				ASSETCATALOG_COMPILER_APPICON_NAME = AppIcon;
				CODE_SIGN_STYLE = Automatic;
				DEVELOPMENT_TEAM = MED4RJWJL4;
				INFOPLIST_FILE = Exercise/Info.plist;
				LD_RUNPATH_SEARCH_PATHS = (
					"$(inherited)",
					"@executable_path/Frameworks",
				);
				PRODUCT_BUNDLE_IDENTIFIER = com.wecall.com;
				PRODUCT_NAME = "$(TARGET_NAME)";
				SWIFT_VERSION = 5.0;
				TARGETED_DEVICE_FAMILY = "1,2";
			};
			name = Release;
		};
		107FFCCB2448BCA8004BED8B /* Debug */ = {
			isa = XCBuildConfiguration;
			buildSettings = {
				ALWAYS_EMBED_SWIFT_STANDARD_LIBRARIES = YES;
				BUNDLE_LOADER = "$(TEST_HOST)";
				CODE_SIGN_STYLE = Automatic;
				DEVELOPMENT_TEAM = MED4RJWJL4;
				INFOPLIST_FILE = ExerciseTests/Info.plist;
				IPHONEOS_DEPLOYMENT_TARGET = 13.1;
				LD_RUNPATH_SEARCH_PATHS = (
					"$(inherited)",
					"@executable_path/Frameworks",
					"@loader_path/Frameworks",
				);
				PRODUCT_BUNDLE_IDENTIFIER = com.wecall.com.ExerciseTests;
				PRODUCT_NAME = "$(TARGET_NAME)";
				SWIFT_VERSION = 5.0;
				TARGETED_DEVICE_FAMILY = "1,2";
				TEST_HOST = "$(BUILT_PRODUCTS_DIR)/Exercise.app/Exercise";
			};
			name = Debug;
		};
		107FFCCC2448BCA8004BED8B /* Release */ = {
			isa = XCBuildConfiguration;
			buildSettings = {
				ALWAYS_EMBED_SWIFT_STANDARD_LIBRARIES = YES;
				BUNDLE_LOADER = "$(TEST_HOST)";
				CODE_SIGN_STYLE = Automatic;
				DEVELOPMENT_TEAM = MED4RJWJL4;
				INFOPLIST_FILE = ExerciseTests/Info.plist;
				IPHONEOS_DEPLOYMENT_TARGET = 13.1;
				LD_RUNPATH_SEARCH_PATHS = (
					"$(inherited)",
					"@executable_path/Frameworks",
					"@loader_path/Frameworks",
				);
				PRODUCT_BUNDLE_IDENTIFIER = com.wecall.com.ExerciseTests;
				PRODUCT_NAME = "$(TARGET_NAME)";
				SWIFT_VERSION = 5.0;
				TARGETED_DEVICE_FAMILY = "1,2";
				TEST_HOST = "$(BUILT_PRODUCTS_DIR)/Exercise.app/Exercise";
			};
			name = Release;
		};
/* End XCBuildConfiguration section */

/* Begin XCConfigurationList section */
		107FFCA32448BCA6004BED8B /* Build configuration list for PBXProject "Exercise" */ = {
			isa = XCConfigurationList;
			buildConfigurations = (
				107FFCC52448BCA8004BED8B /* Debug */,
				107FFCC62448BCA8004BED8B /* Release */,
			);
			defaultConfigurationIsVisible = 0;
			defaultConfigurationName = Release;
		};
		107FFCC72448BCA8004BED8B /* Build configuration list for PBXNativeTarget "Exercise" */ = {
			isa = XCConfigurationList;
			buildConfigurations = (
				107FFCC82448BCA8004BED8B /* Debug */,
				107FFCC92448BCA8004BED8B /* Release */,
			);
			defaultConfigurationIsVisible = 0;
			defaultConfigurationName = Release;
		};
		107FFCCA2448BCA8004BED8B /* Build configuration list for PBXNativeTarget "ExerciseTests" */ = {
			isa = XCConfigurationList;
			buildConfigurations = (
				107FFCCB2448BCA8004BED8B /* Debug */,
				107FFCCC2448BCA8004BED8B /* Release */,
			);
			defaultConfigurationIsVisible = 0;
			defaultConfigurationName = Release;
		};
/* End XCConfigurationList section */
	};
	rootObject = 107FFCA02448BCA6004BED8B /* Project object */;
}
